
Microsoft Visual Studio Solution File, Format Version 12.00
# Visual Studio Version 16
VisualStudioVersion = 16.0.29519.181
MinimumVisualStudioVersion = 10.0.40219.1
Project("{9A19103F-16F7-4668-BE54-9A1E7A4F7556}") = "Publisher", "Publisher\Publisher.csproj", "{7A0AA5F5-7A89-4149-8A1F-DA6C502F253E}"
EndProject
Project("{9A19103F-16F7-4668-BE54-9A1E7A4F7556}") = "Broker", "Broker\Broker.csproj", "{A10FAF95-E6F6-4018-A16C-2FE8E24AAA93}"
EndProject
Project("{FAE04EC0-301F-11D3-BF4B-00C04F79EFBC}") = "Subscriber", "Subscriber\Subscriber.csproj", "{C06F0F70-CCC9-48C0-8D53-567D6A0FD3E4}"
EndProject
Global
	GlobalSection(SolutionConfigurationPlatforms) = preSolution
		Debug|Any CPU = Debug|Any CPU
		Release|Any CPU = Release|Any CPU
	EndGlobalSection
	GlobalSection(ProjectConfigurationPlatforms) = postSolution
		{7A0AA5F5-7A89-4149-8A1F-DA6C502F253E}.Debug|Any CPU.ActiveCfg = Debug|Any CPU
		{7A0AA5F5-7A89-4149-8A1F-DA6C502F253E}.Debug|Any CPU.Build.0 = Debug|Any CPU
		{7A0AA5F5-7A89-4149-8A1F-DA6C502F253E}.Release|Any CPU.ActiveCfg = Release|Any CPU
		{7A0AA5F5-7A89-4149-8A1F-DA6C502F253E}.Release|Any CPU.Build.0 = Release|Any CPU
		{A10FAF95-E6F6-4018-A16C-2FE8E24AAA93}.Debug|Any CPU.ActiveCfg = Debug|Any CPU
		{A10FAF95-E6F6-4018-A16C-2FE8E24AAA93}.Debug|Any CPU.Build.0 = Debug|Any CPU
		{A10FAF95-E6F6-4018-A16C-2FE8E24AAA93}.Release|Any CPU.ActiveCfg = Release|Any CPU
		{A10FAF95-E6F6-4018-A16C-2FE8E24AAA93}.Release|Any CPU.Build.0 = Release|Any CPU
		{C06F0F70-CCC9-48C0-8D53-567D6A0FD3E4}.Debug|Any CPU.ActiveCfg = Debug|Any CPU
		{C06F0F70-CCC9-48C0-8D53-567D6A0FD3E4}.Debug|Any CPU.Build.0 = Debug|Any CPU
		{C06F0F70-CCC9-48C0-8D53-567D6A0FD3E4}.Release|Any CPU.ActiveCfg = Release|Any CPU
		{C06F0F70-CCC9-48C0-8D53-567D6A0FD3E4}.Release|Any CPU.Build.0 = Release|Any CPU
	EndGlobalSection
	GlobalSection(SolutionProperties) = preSolution
		HideSolutionNode = FALSE
	EndGlobalSection
	GlobalSection(ExtensibilityGlobals) = postSolution
		SolutionGuid = {9EFCA5BC-59FF-4384-9A2F-136C10CE5027}
	EndGlobalSection
EndGlobal
